// !$*UTF8*$!
{
	archiveVersion = 1;
	classes = {
	};
	objectVersion = 50;
	objects = {

/* Begin PBXBuildFile section */
		5E08DAFE2680EC3E00ED531B /* View.swift in Sources */ = {isa = PBXBuildFile; fileRef = 5E08DAFD2680EC3E00ED531B /* View.swift */; };
		5E58ACCD267A24250024F0AE /* InfectionSpread_VK_TestApp.swift in Sources */ = {isa = PBXBuildFile; fileRef = 5E58ACCC267A24250024F0AE /* InfectionSpread_VK_TestApp.swift */; };
		5E58ACCF267A24250024F0AE /* ContentView.swift in Sources */ = {isa = PBXBuildFile; fileRef = 5E58ACCE267A24250024F0AE /* ContentView.swift */; };
		5E58ACD1267A24310024F0AE /* Assets.xcassets in Resources */ = {isa = PBXBuildFile; fileRef = 5E58ACD0267A24310024F0AE /* Assets.xcassets */; };
		5E58ACD4267A24310024F0AE /* Preview Assets.xcassets in Resources */ = {isa = PBXBuildFile; fileRef = 5E58ACD3267A24310024F0AE /* Preview Assets.xcassets */; };
		5E58ACF9267A246E0024F0AE /* Indiviual.swift in Sources */ = {isa = PBXBuildFile; fileRef = 5E58ACF8267A246E0024F0AE /* Indiviual.swift */; };
		5E58ACFB267A254F0024F0AE /* MedicalState.swift in Sources */ = {isa = PBXBuildFile; fileRef = 5E58ACFA267A254F0024F0AE /* MedicalState.swift */; };
		5E58ACFD267A26C00024F0AE /* Population.swift in Sources */ = {isa = PBXBuildFile; fileRef = 5E58ACFC267A26C00024F0AE /* Population.swift */; };
		5E58AD00267A36D90024F0AE /* PopulationViewModel.swift in Sources */ = {isa = PBXBuildFile; fileRef = 5E58ACFF267A36D90024F0AE /* PopulationViewModel.swift */; };
		5E58AD03267A3AB90024F0AE /* IndividualView.swift in Sources */ = {isa = PBXBuildFile; fileRef = 5E58AD02267A3AB90024F0AE /* IndividualView.swift */; };
		5E58AD07267A3C5D0024F0AE /* Color.swift in Sources */ = {isa = PBXBuildFile; fileRef = 5E58AD06267A3C5D0024F0AE /* Color.swift */; };
		5E58AD09267A3E480024F0AE /* PopulationView.swift in Sources */ = {isa = PBXBuildFile; fileRef = 5E58AD08267A3E480024F0AE /* PopulationView.swift */; };
		5E58AD0B267A5E180024F0AE /* Virus.swift in Sources */ = {isa = PBXBuildFile; fileRef = 5E58AD0A267A5E170024F0AE /* Virus.swift */; };
		5E58AD25268093580024F0AE /* ConfigurationView.swift in Sources */ = {isa = PBXBuildFile; fileRef = 5E58AD24268093580024F0AE /* ConfigurationView.swift */; };
/* End PBXBuildFile section */

/* Begin PBXFileReference section */
		5E08DAFD2680EC3E00ED531B /* View.swift */ = {isa = PBXFileReference; lastKnownFileType = sourcecode.swift; path = View.swift; sourceTree = "<group>"; };
		5E58ACC9267A24250024F0AE /* InfectionSpread-VK-Test.app */ = {isa = PBXFileReference; explicitFileType = wrapper.application; includeInIndex = 0; path = "InfectionSpread-VK-Test.app"; sourceTree = BUILT_PRODUCTS_DIR; };
		5E58ACCC267A24250024F0AE /* InfectionSpread_VK_TestApp.swift */ = {isa = PBXFileReference; lastKnownFileType = sourcecode.swift; path = InfectionSpread_VK_TestApp.swift; sourceTree = "<group>"; };
		5E58ACCE267A24250024F0AE /* ContentView.swift */ = {isa = PBXFileReference; lastKnownFileType = sourcecode.swift; path = ContentView.swift; sourceTree = "<group>"; };
		5E58ACD0267A24310024F0AE /* Assets.xcassets */ = {isa = PBXFileReference; lastKnownFileType = folder.assetcatalog; path = Assets.xcassets; sourceTree = "<group>"; };
		5E58ACD3267A24310024F0AE /* Preview Assets.xcassets */ = {isa = PBXFileReference; lastKnownFileType = folder.assetcatalog; path = "Preview Assets.xcassets"; sourceTree = "<group>"; };
		5E58ACD5267A24310024F0AE /* Info.plist */ = {isa = PBXFileReference; lastKnownFileType = text.plist.xml; path = Info.plist; sourceTree = "<group>"; };
		5E58ACF8267A246E0024F0AE /* Indiviual.swift */ = {isa = PBXFileReference; lastKnownFileType = sourcecode.swift; path = Indiviual.swift; sourceTree = "<group>"; };
		5E58ACFA267A254F0024F0AE /* MedicalState.swift */ = {isa = PBXFileReference; lastKnownFileType = sourcecode.swift; path = MedicalState.swift; sourceTree = "<group>"; };
		5E58ACFC267A26C00024F0AE /* Population.swift */ = {isa = PBXFileReference; lastKnownFileType = sourcecode.swift; path = Population.swift; sourceTree = "<group>"; };
		5E58ACFF267A36D90024F0AE /* PopulationViewModel.swift */ = {isa = PBXFileReference; lastKnownFileType = sourcecode.swift; path = PopulationViewModel.swift; sourceTree = "<group>"; };
		5E58AD02267A3AB90024F0AE /* IndividualView.swift */ = {isa = PBXFileReference; lastKnownFileType = sourcecode.swift; path = IndividualView.swift; sourceTree = "<group>"; };
		5E58AD06267A3C5D0024F0AE /* Color.swift */ = {isa = PBXFileReference; lastKnownFileType = sourcecode.swift; path = Color.swift; sourceTree = "<group>"; };
		5E58AD08267A3E480024F0AE /* PopulationView.swift */ = {isa = PBXFileReference; lastKnownFileType = sourcecode.swift; path = PopulationView.swift; sourceTree = "<group>"; };
		5E58AD0A267A5E170024F0AE /* Virus.swift */ = {isa = PBXFileReference; lastKnownFileType = sourcecode.swift; path = Virus.swift; sourceTree = "<group>"; };
		5E58AD24268093580024F0AE /* ConfigurationView.swift */ = {isa = PBXFileReference; lastKnownFileType = sourcecode.swift; path = ConfigurationView.swift; sourceTree = "<group>"; };
/* End PBXFileReference section */

/* Begin PBXFrameworksBuildPhase section */
		5E58ACC6267A24250024F0AE /* Frameworks */ = {
			isa = PBXFrameworksBuildPhase;
			buildActionMask = 2147483647;
			files = (
			);
			runOnlyForDeploymentPostprocessing = 0;
		};
/* End PBXFrameworksBuildPhase section */

/* Begin PBXGroup section */
		5E58ACC0267A24250024F0AE = {
			isa = PBXGroup;
			children = (
				5E58ACCB267A24250024F0AE /* InfectionSpread-VK-Test */,
			);
			sourceTree = "<group>";
		};
		5E58ACCA267A24250024F0AE /* Products */ = {
			isa = PBXGroup;
			children = (
				5E58ACC9267A24250024F0AE /* InfectionSpread-VK-Test.app */,
			);
			name = Products;
			path = ../..;
			sourceTree = "<group>";
		};
		5E58ACCB267A24250024F0AE /* InfectionSpread-VK-Test */ = {
			isa = PBXGroup;
			children = (
				5E58AD04267A3C310024F0AE /* Extensions */,
				5E58AD01267A3AA50024F0AE /* Views */,
				5E58ACFE267A36C90024F0AE /* ViewModels */,
				5E58ACF7267A245E0024F0AE /* Models */,
				5E58ACCC267A24250024F0AE /* InfectionSpread_VK_TestApp.swift */,
				5E58ACCE267A24250024F0AE /* ContentView.swift */,
				5E58ACD0267A24310024F0AE /* Assets.xcassets */,
				5E58ACD5267A24310024F0AE /* Info.plist */,
				5E58ACD2267A24310024F0AE /* Preview Content */,
			);
			path = "InfectionSpread-VK-Test";
			sourceTree = "<group>";
		};
		5E58ACD2267A24310024F0AE /* Preview Content */ = {
			isa = PBXGroup;
			children = (
				5E58ACD3267A24310024F0AE /* Preview Assets.xcassets */,
			);
			path = "Preview Content";
			sourceTree = "<group>";
		};
		5E58ACF7267A245E0024F0AE /* Models */ = {
			isa = PBXGroup;
			children = (
				5E58ACF8267A246E0024F0AE /* Indiviual.swift */,
				5E58ACFA267A254F0024F0AE /* MedicalState.swift */,
				5E58ACFC267A26C00024F0AE /* Population.swift */,
				5E58AD0A267A5E170024F0AE /* Virus.swift */,
				5E58ACCA267A24250024F0AE /* Products */,
			);
			path = Models;
			sourceTree = "<group>";
		};
		5E58ACFE267A36C90024F0AE /* ViewModels */ = {
			isa = PBXGroup;
			children = (
				5E58ACFF267A36D90024F0AE /* PopulationViewModel.swift */,
			);
			path = ViewModels;
			sourceTree = "<group>";
		};
		5E58AD01267A3AA50024F0AE /* Views */ = {
			isa = PBXGroup;
			children = (
				5E58AD02267A3AB90024F0AE /* IndividualView.swift */,
				5E58AD08267A3E480024F0AE /* PopulationView.swift */,
				5E58AD24268093580024F0AE /* ConfigurationView.swift */,
			);
			path = Views;
			sourceTree = "<group>";
		};
		5E58AD04267A3C310024F0AE /* Extensions */ = {
			isa = PBXGroup;
			children = (
				5E58AD06267A3C5D0024F0AE /* Color.swift */,
				5E08DAFD2680EC3E00ED531B /* View.swift */,
			);
			path = Extensions;
			sourceTree = "<group>";
		};
/* End PBXGroup section */

/* Begin PBXNativeTarget section */
		5E58ACC8267A24250024F0AE /* InfectionSpread-VK-Test */ = {
			isa = PBXNativeTarget;
			buildConfigurationList = 5E58ACEE267A24320024F0AE /* Build configuration list for PBXNativeTarget "InfectionSpread-VK-Test" */;
			buildPhases = (
				5E58ACC5267A24250024F0AE /* Sources */,
				5E58ACC6267A24250024F0AE /* Frameworks */,
				5E58ACC7267A24250024F0AE /* Resources */,
			);
			buildRules = (
			);
			dependencies = (
			);
			name = "InfectionSpread-VK-Test";
			productName = "InfectionSpread-VK-Test";
			productReference = 5E58ACC9267A24250024F0AE /* InfectionSpread-VK-Test.app */;
			productType = "com.apple.product-type.application";
		};
/* End PBXNativeTarget section */

/* Begin PBXProject section */
		5E58ACC1267A24250024F0AE /* Project object */ = {
			isa = PBXProject;
			attributes = {
				LastSwiftUpdateCheck = 1250;
				LastUpgradeCheck = 1250;
				TargetAttributes = {
					5E58ACC8267A24250024F0AE = {
						CreatedOnToolsVersion = 12.5;
					};
				};
			};
			buildConfigurationList = 5E58ACC4267A24250024F0AE /* Build configuration list for PBXProject "InfectionSpread-VK-Test" */;
			compatibilityVersion = "Xcode 9.3";
			developmentRegion = en;
			hasScannedForEncodings = 0;
			knownRegions = (
				en,
				Base,
			);
			mainGroup = 5E58ACC0267A24250024F0AE;
			productRefGroup = 5E58ACCA267A24250024F0AE /* Products */;
			projectDirPath = "";
			projectRoot = "";
			targets = (
				5E58ACC8267A24250024F0AE /* InfectionSpread-VK-Test */,
			);
		};
/* End PBXProject section */

/* Begin PBXResourcesBuildPhase section */
		5E58ACC7267A24250024F0AE /* Resources */ = {
			isa = PBXResourcesBuildPhase;
			buildActionMask = 2147483647;
			files = (
				5E58ACD4267A24310024F0AE /* Preview Assets.xcassets in Resources */,
				5E58ACD1267A24310024F0AE /* Assets.xcassets in Resources */,
			);
			runOnlyForDeploymentPostprocessing = 0;
		};
/* End PBXResourcesBuildPhase section */

/* Begin PBXSourcesBuildPhase section */
		5E58ACC5267A24250024F0AE /* Sources */ = {
			isa = PBXSourcesBuildPhase;
			buildActionMask = 2147483647;
			files = (
				5E58AD09267A3E480024F0AE /* PopulationView.swift in Sources */,
				5E58ACCF267A24250024F0AE /* ContentView.swift in Sources */,
				5E58AD25268093580024F0AE /* ConfigurationView.swift in Sources */,
				5E58ACFB267A254F0024F0AE /* MedicalState.swift in Sources */,
				5E58AD0B267A5E180024F0AE /* Virus.swift in Sources */,
				5E58ACCD267A24250024F0AE /* InfectionSpread_VK_TestApp.swift in Sources */,
				5E58AD03267A3AB90024F0AE /* IndividualView.swift in Sources */,
				5E58ACF9267A246E0024F0AE /* Indiviual.swift in Sources */,
				5E08DAFE2680EC3E00ED531B /* View.swift in Sources */,
				5E58AD07267A3C5D0024F0AE /* Color.swift in Sources */,
				5E58ACFD267A26C00024F0AE /* Population.swift in Sources */,
				5E58AD00267A36D90024F0AE /* PopulationViewModel.swift in Sources */,
			);
			runOnlyForDeploymentPostprocessing = 0;
		};
/* End PBXSourcesBuildPhase section */

/* Begin XCBuildConfiguration section */
		5E58ACEC267A24320024F0AE /* Debug */ = {
			isa = XCBuildConfiguration;
			buildSettings = {
				ALWAYS_SEARCH_USER_PATHS = NO;
				CLANG_ANALYZER_NONNULL = YES;
				CLANG_ANALYZER_NUMBER_OBJECT_CONVERSION = YES_AGGRESSIVE;
				CLANG_CXX_LANGUAGE_STANDARD = "gnu++14";
				CLANG_CXX_LIBRARY = "libc++";
				CLANG_ENABLE_MODULES = YES;
				CLANG_ENABLE_OBJC_ARC = YES;
				CLANG_ENABLE_OBJC_WEAK = YES;
				CLANG_WARN_BLOCK_CAPTURE_AUTORELEASING = YES;
				CLANG_WARN_BOOL_CONVERSION = YES;
				CLANG_WARN_COMMA = YES;
				CLANG_WARN_CONSTANT_CONVERSION = YES;
				CLANG_WARN_DEPRECATED_OBJC_IMPLEMENTATIONS = YES;
				CLANG_WARN_DIRECT_OBJC_ISA_USAGE = YES_ERROR;
				CLANG_WARN_DOCUMENTATION_COMMENTS = YES;
				CLANG_WARN_EMPTY_BODY = YES;
				CLANG_WARN_ENUM_CONVERSION = YES;
				CLANG_WARN_INFINITE_RECURSION = YES;
				CLANG_WARN_INT_CONVERSION = YES;
				CLANG_WARN_NON_LITERAL_NULL_CONVERSION = YES;
				CLANG_WARN_OBJC_IMPLICIT_RETAIN_SELF = YES;
				CLANG_WARN_OBJC_LITERAL_CONVERSION = YES;
				CLANG_WARN_OBJC_ROOT_CLASS = YES_ERROR;
				CLANG_WARN_QUOTED_INCLUDE_IN_FRAMEWORK_HEADER = YES;
				CLANG_WARN_RANGE_LOOP_ANALYSIS = YES;
				CLANG_WARN_STRICT_PROTOTYPES = YES;
				CLANG_WARN_SUSPICIOUS_MOVE = YES;
				CLANG_WARN_UNGUARDED_AVAILABILITY = YES_AGGRESSIVE;
				CLANG_WARN_UNREACHABLE_CODE = YES;
				CLANG_WARN__DUPLICATE_METHOD_MATCH = YES;
				COPY_PHASE_STRIP = NO;
				DEBUG_INFORMATION_FORMAT = dwarf;
				ENABLE_STRICT_OBJC_MSGSEND = YES;
				ENABLE_TESTABILITY = YES;
				GCC_C_LANGUAGE_STANDARD = gnu11;
				GCC_DYNAMIC_NO_PIC = NO;
				GCC_NO_COMMON_BLOCKS = YES;
				GCC_OPTIMIZATION_LEVEL = 0;
				GCC_PREPROCESSOR_DEFINITIONS = (
					"DEBUG=1",
					"$(inherited)",
				);
				GCC_WARN_64_TO_32_BIT_CONVERSION = YES;
				GCC_WARN_ABOUT_RETURN_TYPE = YES_ERROR;
				GCC_WARN_UNDECLARED_SELECTOR = YES;
				GCC_WARN_UNINITIALIZED_AUTOS = YES_AGGRESSIVE;
				GCC_WARN_UNUSED_FUNCTION = YES;
				GCC_WARN_UNUSED_VARIABLE = YES;
				IPHONEOS_DEPLOYMENT_TARGET = 14.5;
				MTL_ENABLE_DEBUG_INFO = INCLUDE_SOURCE;
				MTL_FAST_MATH = YES;
				ONLY_ACTIVE_ARCH = YES;
				SDKROOT = iphoneos;
				SWIFT_ACTIVE_COMPILATION_CONDITIONS = DEBUG;
				SWIFT_OPTIMIZATION_LEVEL = "-Onone";
			};
			name = Debug;
		};
		5E58ACED267A24320024F0AE /* Release */ = {
			isa = XCBuildConfiguration;
			buildSettings = {
				ALWAYS_SEARCH_USER_PATHS = NO;
				CLANG_ANALYZER_NONNULL = YES;
				CLANG_ANALYZER_NUMBER_OBJECT_CONVERSION = YES_AGGRESSIVE;
				CLANG_CXX_LANGUAGE_STANDARD = "gnu++14";
				CLANG_CXX_LIBRARY = "libc++";
				CLANG_ENABLE_MODULES = YES;
				CLANG_ENABLE_OBJC_ARC = YES;
				CLANG_ENABLE_OBJC_WEAK = YES;
				CLANG_WARN_BLOCK_CAPTURE_AUTORELEASING = YES;
				CLANG_WARN_BOOL_CONVERSION = YES;
				CLANG_WARN_COMMA = YES;
				CLANG_WARN_CONSTANT_CONVERSION = YES;
				CLANG_WARN_DEPRECATED_OBJC_IMPLEMENTATIONS = YES;
				CLANG_WARN_DIRECT_OBJC_ISA_USAGE = YES_ERROR;
				CLANG_WARN_DOCUMENTATION_COMMENTS = YES;
				CLANG_WARN_EMPTY_BODY = YES;
				CLANG_WARN_ENUM_CONVERSION = YES;
				CLANG_WARN_INFINITE_RECURSION = YES;
				CLANG_WARN_INT_CONVERSION = YES;
				CLANG_WARN_NON_LITERAL_NULL_CONVERSION = YES;
				CLANG_WARN_OBJC_IMPLICIT_RETAIN_SELF = YES;
				CLANG_WARN_OBJC_LITERAL_CONVERSION = YES;
				CLANG_WARN_OBJC_ROOT_CLASS = YES_ERROR;
				CLANG_WARN_QUOTED_INCLUDE_IN_FRAMEWORK_HEADER = YES;
				CLANG_WARN_RANGE_LOOP_ANALYSIS = YES;
				CLANG_WARN_STRICT_PROTOTYPES = YES;
				CLANG_WARN_SUSPICIOUS_MOVE = YES;
				CLANG_WARN_UNGUARDED_AVAILABILITY = YES_AGGRESSIVE;
				CLANG_WARN_UNREACHABLE_CODE = YES;
				CLANG_WARN__DUPLICATE_METHOD_MATCH = YES;
				COPY_PHASE_STRIP = NO;
				DEBUG_INFORMATION_FORMAT = "dwarf-with-dsym";
				ENABLE_NS_ASSERTIONS = NO;
				ENABLE_STRICT_OBJC_MSGSEND = YES;
				GCC_C_LANGUAGE_STANDARD = gnu11;
				GCC_NO_COMMON_BLOCKS = YES;
				GCC_WARN_64_TO_32_BIT_CONVERSION = YES;
				GCC_WARN_ABOUT_RETURN_TYPE = YES_ERROR;
				GCC_WARN_UNDECLARED_SELECTOR = YES;
				GCC_WARN_UNINITIALIZED_AUTOS = YES_AGGRESSIVE;
				GCC_WARN_UNUSED_FUNCTION = YES;
				GCC_WARN_UNUSED_VARIABLE = YES;
				IPHONEOS_DEPLOYMENT_TARGET = 14.5;
				MTL_ENABLE_DEBUG_INFO = NO;
				MTL_FAST_MATH = YES;
				SDKROOT = iphoneos;
				SWIFT_COMPILATION_MODE = wholemodule;
				SWIFT_OPTIMIZATION_LEVEL = "-O";
				VALIDATE_PRODUCT = YES;
			};
			name = Release;
		};
		5E58ACEF267A24320024F0AE /* Debug */ = {
			isa = XCBuildConfiguration;
			buildSettings = {
				ASSETCATALOG_COMPILER_APPICON_NAME = AppIcon;
				ASSETCATALOG_COMPILER_GLOBAL_ACCENT_COLOR_NAME = AccentColor;
				CODE_SIGN_STYLE = Automatic;
				DEVELOPMENT_ASSET_PATHS = "\"InfectionSpread-VK-Test/Preview Content\"";
				DEVELOPMENT_TEAM = 9TRZ2ZKWPH;
				ENABLE_PREVIEWS = YES;
				INFOPLIST_FILE = "InfectionSpread-VK-Test/Info.plist";
				IPHONEOS_DEPLOYMENT_TARGET = 14.0;
				LD_RUNPATH_SEARCH_PATHS = (
					"$(inherited)",
					"@executable_path/Frameworks",
				);
				PRODUCT_BUNDLE_IDENTIFIER = "com.ronimizy.InfectionSpread-VK-Test";
				PRODUCT_NAME = "$(TARGET_NAME)";
				SWIFT_VERSION = 5.0;
				TARGETED_DEVICE_FAMILY = "1,2";
			};
			name = Debug;
		};
		5E58ACF0267A24320024F0AE /* Release */ = {
			isa = XCBuildConfiguration;
			buildSettings = {
				ASSETCATALOG_COMPILER_APPICON_NAME = AppIcon;
				ASSETCATALOG_COMPILER_GLOBAL_ACCENT_COLOR_NAME = AccentColor;
				CODE_SIGN_STYLE = Automatic;
				DEVELOPMENT_ASSET_PATHS = "\"InfectionSpread-VK-Test/Preview Content\"";
				DEVELOPMENT_TEAM = 9TRZ2ZKWPH;
				ENABLE_PREVIEWS = YES;
				INFOPLIST_FILE = "InfectionSpread-VK-Test/Info.plist";
				IPHONEOS_DEPLOYMENT_TARGET = 14.0;
				LD_RUNPATH_SEARCH_PATHS = (
					"$(inherited)",
					"@executable_path/Frameworks",
				);
				PRODUCT_BUNDLE_IDENTIFIER = "com.ronimizy.InfectionSpread-VK-Test";
				PRODUCT_NAME = "$(TARGET_NAME)";
				SWIFT_VERSION = 5.0;
				TARGETED_DEVICE_FAMILY = "1,2";
			};
			name = Release;
		};
/* End XCBuildConfiguration section */

/* Begin XCConfigurationList section */
		5E58ACC4267A24250024F0AE /* Build configuration list for PBXProject "InfectionSpread-VK-Test" */ = {
			isa = XCConfigurationList;
			buildConfigurations = (
				5E58ACEC267A24320024F0AE /* Debug */,
				5E58ACED267A24320024F0AE /* Release */,
			);
			defaultConfigurationIsVisible = 0;
			defaultConfigurationName = Release;
		};
		5E58ACEE267A24320024F0AE /* Build configuration list for PBXNativeTarget "InfectionSpread-VK-Test" */ = {
			isa = XCConfigurationList;
			buildConfigurations = (
				5E58ACEF267A24320024F0AE /* Debug */,
				5E58ACF0267A24320024F0AE /* Release */,
			);
			defaultConfigurationIsVisible = 0;
			defaultConfigurationName = Release;
		};
/* End XCConfigurationList section */
	};
	rootObject = 5E58ACC1267A24250024F0AE /* Project object */;
}
